
Microsoft Visual Studio Solution File, Format Version 12.00
# Visual Studio 14
VisualStudioVersion = 14.0.25420.1
MinimumVisualStudioVersion = 10.0.40219.1
Project("{8BC9CEB8-8B4A-11D0-8D11-00A0C91BC942}") = "CSSLayout", "CSSLayout\CSSLayout.vcxproj", "{0446C86B-F47B-4C46-B673-C7AE0CFF35D5}"
EndProject
Project("{8BB2217D-0F2D-49D1-97BC-3654ED321F3B}") = "Facebook.CSSLayout", "Facebook.CSSLayout\Facebook.CSSLayout.xproj", "{75BB7605-E54B-4EDE-8F5A-FF1F24464236}"
EndProject
Global
	GlobalSection(SolutionConfigurationPlatforms) = preSolution
		Debug|Any CPU = Debug|Any CPU
		Debug|x64 = Debug|x64
		Debug|x86 = Debug|x86
		Release|Any CPU = Release|Any CPU
		Release|x64 = Release|x64
		Release|x86 = Release|x86
	EndGlobalSection
	GlobalSection(ProjectConfigurationPlatforms) = postSolution
		{0446C86B-F47B-4C46-B673-C7AE0CFF35D5}.Debug|Any CPU.ActiveCfg = Debug|Win32
		{0446C86B-F47B-4C46-B673-C7AE0CFF35D5}.Debug|x64.ActiveCfg = Debug|x64
		{0446C86B-F47B-4C46-B673-C7AE0CFF35D5}.Debug|x64.Build.0 = Debug|x64
		{0446C86B-F47B-4C46-B673-C7AE0CFF35D5}.Debug|x86.ActiveCfg = Debug|Win32
		{0446C86B-F47B-4C46-B673-C7AE0CFF35D5}.Debug|x86.Build.0 = Debug|Win32
		{0446C86B-F47B-4C46-B673-C7AE0CFF35D5}.Release|Any CPU.ActiveCfg = Release|Win32
		{0446C86B-F47B-4C46-B673-C7AE0CFF35D5}.Release|x64.ActiveCfg = Release|x64
		{0446C86B-F47B-4C46-B673-C7AE0CFF35D5}.Release|x64.Build.0 = Release|x64
		{0446C86B-F47B-4C46-B673-C7AE0CFF35D5}.Release|x86.ActiveCfg = Release|Win32
		{0446C86B-F47B-4C46-B673-C7AE0CFF35D5}.Release|x86.Build.0 = Release|Win32
		{75BB7605-E54B-4EDE-8F5A-FF1F24464236}.Debug|Any CPU.ActiveCfg = Debug|Any CPU
		{75BB7605-E54B-4EDE-8F5A-FF1F24464236}.Debug|Any CPU.Build.0 = Debug|Any CPU
		{75BB7605-E54B-4EDE-8F5A-FF1F24464236}.Debug|x64.ActiveCfg = Debug|Any CPU
		{75BB7605-E54B-4EDE-8F5A-FF1F24464236}.Debug|x64.Build.0 = Debug|Any CPU
		{75BB7605-E54B-4EDE-8F5A-FF1F24464236}.Debug|x86.ActiveCfg = Debug|Any CPU
		{75BB7605-E54B-4EDE-8F5A-FF1F24464236}.Debug|x86.Build.0 = Debug|Any CPU
		{75BB7605-E54B-4EDE-8F5A-FF1F24464236}.Release|Any CPU.ActiveCfg = Release|Any CPU
		{75BB7605-E54B-4EDE-8F5A-FF1F24464236}.Release|Any CPU.Build.0 = Release|Any CPU
		{75BB7605-E54B-4EDE-8F5A-FF1F24464236}.Release|x64.ActiveCfg = Release|Any CPU
		{75BB7605-E54B-4EDE-8F5A-FF1F24464236}.Release|x64.Build.0 = Release|Any CPU
		{75BB7605-E54B-4EDE-8F5A-FF1F24464236}.Release|x86.ActiveCfg = Release|Any CPU
		{75BB7605-E54B-4EDE-8F5A-FF1F24464236}.Release|x86.Build.0 = Release|Any CPU
	EndGlobalSection
	GlobalSection(SolutionProperties) = preSolution
		HideSolutionNode = FALSE
	EndGlobalSection
EndGlobal
