
Microsoft Visual Studio Solution File, Format Version 12.00
# Visual Studio 2012
Project("{FAE04EC0-301F-11D3-BF4B-00C04F79EFBC}") = "CSSLayout", "CSSLayout\CSSLayout.csproj", "{FA76359A-30D2-4E36-91CE-ACEE373D8396}"
EndProject
Project("{FAE04EC0-301F-11D3-BF4B-00C04F79EFBC}") = "CSSLayoutTests", "CSSLayoutTests\CSSLayoutTests.csproj", "{084B83DB-0772-4534-BF69-95E696834AE0}"
EndProject
Global
	GlobalSection(SolutionConfigurationPlatforms) = preSolution
		Debug|Any CPU = Debug|Any CPU
		Release|Any CPU = Release|Any CPU
	EndGlobalSection
	GlobalSection(ProjectConfigurationPlatforms) = postSolution
		{084B83DB-0772-4534-BF69-95E696834AE0}.Debug|Any CPU.ActiveCfg = Debug|Any CPU
		{084B83DB-0772-4534-BF69-95E696834AE0}.Debug|Any CPU.Build.0 = Debug|Any CPU
		{084B83DB-0772-4534-BF69-95E696834AE0}.Release|Any CPU.ActiveCfg = Release|Any CPU
		{084B83DB-0772-4534-BF69-95E696834AE0}.Release|Any CPU.Build.0 = Release|Any CPU
		{FA76359A-30D2-4E36-91CE-ACEE373D8396}.Debug|Any CPU.ActiveCfg = Debug|Any CPU
		{FA76359A-30D2-4E36-91CE-ACEE373D8396}.Debug|Any CPU.Build.0 = Debug|Any CPU
		{FA76359A-30D2-4E36-91CE-ACEE373D8396}.Release|Any CPU.ActiveCfg = Release|Any CPU
		{FA76359A-30D2-4E36-91CE-ACEE373D8396}.Release|Any CPU.Build.0 = Release|Any CPU
	EndGlobalSection
EndGlobal
