PODS:
  - Yoga (1.1.0)
  - YogaKit (1.1.0):
    - Yoga (~> 1.1)

DEPENDENCIES:
  - YogaKit (from `../../YogaKit.podspec`)

EXTERNAL SOURCES:
  YogaKit:
    :path: "../../YogaKit.podspec"

SPEC CHECKSUMS:
  Yoga: 0bf083b7c485b20598020dbedcea869cbe53071e
  YogaKit: 80df90de9ef2900baa111f2c93476a6f9e921385

PODFILE CHECKSUM: 9db3bdea7f1b4b715ad859a449b2dc87fb6226cc

COCOAPODS: 1.2.0
