
Microsoft Visual Studio Solution File, Format Version 12.00
# Visual Studio 14
VisualStudioVersion = 14.0.25420.1
MinimumVisualStudioVersion = 10.0.40219.1
Project("{2150E333-8FDC-42A3-9474-1A3956D46DE8}") = "Tests", "Tests", "{5289E508-8386-45A1-A12B-258A5899CD45}"
EndProject
Project("{2150E333-8FDC-42A3-9474-1A3956D46DE8}") = "Native", "Native", "{51A8E803-C084-431F-9130-F277481C2BB2}"
EndProject
Project("{2150E333-8FDC-42A3-9474-1A3956D46DE8}") = "Universal", "Universal", "{1048DB7D-9B95-48CA-B43E-D9C35AB1DCD4}"
EndProject
Project("{8BC9CEB8-8B4A-11D0-8D11-00A0C91BC942}") = "yoga.uwp", "..\Yoga\Yoga.Universal.vcxproj", "{2EACF721-73B5-46AE-9775-4A8674D05A9C}"
EndProject
Project("{2150E333-8FDC-42A3-9474-1A3956D46DE8}") = "Shared", "Shared", "{39A2FFDA-C093-4FA6-8143-45B5019E7DAC}"
EndProject
Project("{D954291E-2A0B-460D-934E-DC6B0785DB48}") = "Facebook.Yoga.Shared", "..\Facebook.Yoga\Facebook.Yoga.Shared.shproj", "{91C42D32-291D-4B72-90B4-551663D60B8B}"
EndProject
Project("{FAE04EC0-301F-11D3-BF4B-00C04F79EFBC}") = "Facebook.Yoga.Universal", "Facebook.Yoga.Universal\Facebook.Yoga.Universal.csproj", "{D6477AD6-9EDD-4EBA-8C60-CD31F77C52C6}"
	ProjectSection(ProjectDependencies) = postProject
		{2EACF721-73B5-46AE-9775-4A8674D05A9C} = {2EACF721-73B5-46AE-9775-4A8674D05A9C}
	EndProjectSection
EndProject
Project("{D954291E-2A0B-460D-934E-DC6B0785DB48}") = "Facebook.Yoga.Shared.Tests", "..\tests\Facebook.Yoga\Facebook.Yoga.Shared.Tests.shproj", "{4EDC82D9-A201-4831-8FE0-98F468F8E4AE}"
EndProject
Project("{FAE04EC0-301F-11D3-BF4B-00C04F79EFBC}") = "Facebook.Yoga.Universal.Tests", "Facebook.Yoga.Universal.Tests\Facebook.Yoga.Universal.Tests.csproj", "{0C76D2FE-6767-44FE-B03D-21B2076BAA73}"
EndProject
Global
	GlobalSection(SharedMSBuildProjectFiles) = preSolution
		..\Facebook.Yoga\Facebook.Yoga.Shared.projitems*{d6477ad6-9edd-4eba-8c60-cd31f77c52c6}*SharedItemsImports = 4
		..\tests\Facebook.Yoga\Facebook.Yoga.Shared.Tests.projitems*{4edc82d9-a201-4831-8fe0-98f468f8e4ae}*SharedItemsImports = 13
		..\Facebook.Yoga\Facebook.Yoga.Shared.projitems*{91c42d32-291d-4b72-90b4-551663d60b8b}*SharedItemsImports = 13
	EndGlobalSection
	GlobalSection(SolutionConfigurationPlatforms) = preSolution
		Debug|Any CPU = Debug|Any CPU
		Debug|ARM = Debug|ARM
		Debug|x64 = Debug|x64
		Debug|x86 = Debug|x86
		Release|Any CPU = Release|Any CPU
		Release|ARM = Release|ARM
		Release|x64 = Release|x64
		Release|x86 = Release|x86
	EndGlobalSection
	GlobalSection(ProjectConfigurationPlatforms) = postSolution
		{2EACF721-73B5-46AE-9775-4A8674D05A9C}.Debug|Any CPU.ActiveCfg = Debug|Win32
		{2EACF721-73B5-46AE-9775-4A8674D05A9C}.Debug|ARM.ActiveCfg = Debug|ARM
		{2EACF721-73B5-46AE-9775-4A8674D05A9C}.Debug|ARM.Build.0 = Debug|ARM
		{2EACF721-73B5-46AE-9775-4A8674D05A9C}.Debug|x64.ActiveCfg = Debug|x64
		{2EACF721-73B5-46AE-9775-4A8674D05A9C}.Debug|x64.Build.0 = Debug|x64
		{2EACF721-73B5-46AE-9775-4A8674D05A9C}.Debug|x86.ActiveCfg = Debug|Win32
		{2EACF721-73B5-46AE-9775-4A8674D05A9C}.Debug|x86.Build.0 = Debug|Win32
		{2EACF721-73B5-46AE-9775-4A8674D05A9C}.Release|Any CPU.ActiveCfg = Release|Win32
		{2EACF721-73B5-46AE-9775-4A8674D05A9C}.Release|ARM.ActiveCfg = Release|ARM
		{2EACF721-73B5-46AE-9775-4A8674D05A9C}.Release|ARM.Build.0 = Release|ARM
		{2EACF721-73B5-46AE-9775-4A8674D05A9C}.Release|x64.ActiveCfg = Release|x64
		{2EACF721-73B5-46AE-9775-4A8674D05A9C}.Release|x64.Build.0 = Release|x64
		{2EACF721-73B5-46AE-9775-4A8674D05A9C}.Release|x86.ActiveCfg = Release|Win32
		{2EACF721-73B5-46AE-9775-4A8674D05A9C}.Release|x86.Build.0 = Release|Win32
		{D6477AD6-9EDD-4EBA-8C60-CD31F77C52C6}.Debug|Any CPU.ActiveCfg = Debug|Any CPU
		{D6477AD6-9EDD-4EBA-8C60-CD31F77C52C6}.Debug|Any CPU.Build.0 = Debug|Any CPU
		{D6477AD6-9EDD-4EBA-8C60-CD31F77C52C6}.Debug|ARM.ActiveCfg = Debug|ARM
		{D6477AD6-9EDD-4EBA-8C60-CD31F77C52C6}.Debug|ARM.Build.0 = Debug|ARM
		{D6477AD6-9EDD-4EBA-8C60-CD31F77C52C6}.Debug|x64.ActiveCfg = Debug|x64
		{D6477AD6-9EDD-4EBA-8C60-CD31F77C52C6}.Debug|x64.Build.0 = Debug|x64
		{D6477AD6-9EDD-4EBA-8C60-CD31F77C52C6}.Debug|x86.ActiveCfg = Debug|x86
		{D6477AD6-9EDD-4EBA-8C60-CD31F77C52C6}.Debug|x86.Build.0 = Debug|x86
		{D6477AD6-9EDD-4EBA-8C60-CD31F77C52C6}.Release|Any CPU.ActiveCfg = Release|Any CPU
		{D6477AD6-9EDD-4EBA-8C60-CD31F77C52C6}.Release|Any CPU.Build.0 = Release|Any CPU
		{D6477AD6-9EDD-4EBA-8C60-CD31F77C52C6}.Release|ARM.ActiveCfg = Release|ARM
		{D6477AD6-9EDD-4EBA-8C60-CD31F77C52C6}.Release|ARM.Build.0 = Release|ARM
		{D6477AD6-9EDD-4EBA-8C60-CD31F77C52C6}.Release|x64.ActiveCfg = Release|x64
		{D6477AD6-9EDD-4EBA-8C60-CD31F77C52C6}.Release|x64.Build.0 = Release|x64
		{D6477AD6-9EDD-4EBA-8C60-CD31F77C52C6}.Release|x86.ActiveCfg = Release|x86
		{0C76D2FE-6767-44FE-B03D-21B2076BAA73}.Debug|Any CPU.ActiveCfg = Debug|x86
		{0C76D2FE-6767-44FE-B03D-21B2076BAA73}.Debug|ARM.ActiveCfg = Debug|ARM
		{0C76D2FE-6767-44FE-B03D-21B2076BAA73}.Debug|ARM.Build.0 = Debug|ARM
		{0C76D2FE-6767-44FE-B03D-21B2076BAA73}.Debug|ARM.Deploy.0 = Debug|ARM
		{0C76D2FE-6767-44FE-B03D-21B2076BAA73}.Debug|x64.ActiveCfg = Debug|x64
		{0C76D2FE-6767-44FE-B03D-21B2076BAA73}.Debug|x64.Build.0 = Debug|x64
		{0C76D2FE-6767-44FE-B03D-21B2076BAA73}.Debug|x64.Deploy.0 = Debug|x64
		{0C76D2FE-6767-44FE-B03D-21B2076BAA73}.Debug|x86.ActiveCfg = Debug|x86
		{0C76D2FE-6767-44FE-B03D-21B2076BAA73}.Debug|x86.Build.0 = Debug|x86
		{0C76D2FE-6767-44FE-B03D-21B2076BAA73}.Debug|x86.Deploy.0 = Debug|x86
		{0C76D2FE-6767-44FE-B03D-21B2076BAA73}.Release|Any CPU.ActiveCfg = Release|x86
		{0C76D2FE-6767-44FE-B03D-21B2076BAA73}.Release|ARM.ActiveCfg = Release|ARM
		{0C76D2FE-6767-44FE-B03D-21B2076BAA73}.Release|ARM.Build.0 = Release|ARM
		{0C76D2FE-6767-44FE-B03D-21B2076BAA73}.Release|ARM.Deploy.0 = Release|ARM
		{0C76D2FE-6767-44FE-B03D-21B2076BAA73}.Release|x64.ActiveCfg = Release|x64
		{0C76D2FE-6767-44FE-B03D-21B2076BAA73}.Release|x64.Build.0 = Release|x64
		{0C76D2FE-6767-44FE-B03D-21B2076BAA73}.Release|x64.Deploy.0 = Release|x64
		{0C76D2FE-6767-44FE-B03D-21B2076BAA73}.Release|x86.ActiveCfg = Release|x86
		{0C76D2FE-6767-44FE-B03D-21B2076BAA73}.Release|x86.Build.0 = Release|x86
		{0C76D2FE-6767-44FE-B03D-21B2076BAA73}.Release|x86.Deploy.0 = Release|x86
	EndGlobalSection
	GlobalSection(SolutionProperties) = preSolution
		HideSolutionNode = FALSE
	EndGlobalSection
	GlobalSection(NestedProjects) = preSolution
		{2EACF721-73B5-46AE-9775-4A8674D05A9C} = {51A8E803-C084-431F-9130-F277481C2BB2}
		{91C42D32-291D-4B72-90B4-551663D60B8B} = {39A2FFDA-C093-4FA6-8143-45B5019E7DAC}
		{D6477AD6-9EDD-4EBA-8C60-CD31F77C52C6} = {1048DB7D-9B95-48CA-B43E-D9C35AB1DCD4}
		{4EDC82D9-A201-4831-8FE0-98F468F8E4AE} = {39A2FFDA-C093-4FA6-8143-45B5019E7DAC}
		{0C76D2FE-6767-44FE-B03D-21B2076BAA73} = {5289E508-8386-45A1-A12B-258A5899CD45}
	EndGlobalSection
EndGlobal
